// !$*UTF8*$!
{
	archiveVersion = 1;
	classes = {
	};
	objectVersion = 56;
	objects = {

/* Begin PBXBuildFile section */
		40EC3D5629C5C71C00F0CD1D /* AppDelegate.swift in Sources */ = {isa = PBXBuildFile; fileRef = 40EC3D5529C5C71C00F0CD1D /* AppDelegate.swift */; };
		40EC3D5829C5C71C00F0CD1D /* SceneDelegate.swift in Sources */ = {isa = PBXBuildFile; fileRef = 40EC3D5729C5C71C00F0CD1D /* SceneDelegate.swift */; };
		40EC3D5A29C5C71C00F0CD1D /* ViewController.swift in Sources */ = {isa = PBXBuildFile; fileRef = 40EC3D5929C5C71C00F0CD1D /* ViewController.swift */; };
		40EC3D5D29C5C71C00F0CD1D /* Main.storyboard in Resources */ = {isa = PBXBuildFile; fileRef = 40EC3D5B29C5C71C00F0CD1D /* Main.storyboard */; };
		40EC3D5F29C5C71D00F0CD1D /* Assets.xcassets in Resources */ = {isa = PBXBuildFile; fileRef = 40EC3D5E29C5C71D00F0CD1D /* Assets.xcassets */; };
		40EC3D6229C5C71D00F0CD1D /* LaunchScreen.storyboard in Resources */ = {isa = PBXBuildFile; fileRef = 40EC3D6029C5C71D00F0CD1D /* LaunchScreen.storyboard */; };
		40EC3D6D29C5C71D00F0CD1D /* tableviewswifyTests.swift in Sources */ = {isa = PBXBuildFile; fileRef = 40EC3D6C29C5C71D00F0CD1D /* tableviewswifyTests.swift */; };
		40EC3D7729C5C71D00F0CD1D /* tableviewswifyUITests.swift in Sources */ = {isa = PBXBuildFile; fileRef = 40EC3D7629C5C71D00F0CD1D /* tableviewswifyUITests.swift */; };
		40EC3D7929C5C71D00F0CD1D /* tableviewswifyUITestsLaunchTests.swift in Sources */ = {isa = PBXBuildFile; fileRef = 40EC3D7829C5C71D00F0CD1D /* tableviewswifyUITestsLaunchTests.swift */; };
		40EC3D8629C5CABE00F0CD1D /* datastudent.swift in Sources */ = {isa = PBXBuildFile; fileRef = 40EC3D8529C5CABE00F0CD1D /* datastudent.swift */; };
		40EC3D8829C5E63B00F0CD1D /* PdViewController.swift in Sources */ = {isa = PBXBuildFile; fileRef = 40EC3D8729C5E63B00F0CD1D /* PdViewController.swift */; };
/* End PBXBuildFile section */

/* Begin PBXContainerItemProxy section */
		40EC3D6929C5C71D00F0CD1D /* PBXContainerItemProxy */ = {
			isa = PBXContainerItemProxy;
			containerPortal = 40EC3D4A29C5C71B00F0CD1D /* Project object */;
			proxyType = 1;
			remoteGlobalIDString = 40EC3D5129C5C71C00F0CD1D;
			remoteInfo = tableviewswify;
		};
		40EC3D7329C5C71D00F0CD1D /* PBXContainerItemProxy */ = {
			isa = PBXContainerItemProxy;
			containerPortal = 40EC3D4A29C5C71B00F0CD1D /* Project object */;
			proxyType = 1;
			remoteGlobalIDString = 40EC3D5129C5C71C00F0CD1D;
			remoteInfo = tableviewswify;
		};
/* End PBXContainerItemProxy section */

/* Begin PBXFileReference section */
		40EC3D5229C5C71C00F0CD1D /* tableviewswify.app */ = {isa = PBXFileReference; explicitFileType = wrapper.application; includeInIndex = 0; path = tableviewswify.app; sourceTree = BUILT_PRODUCTS_DIR; };
		40EC3D5529C5C71C00F0CD1D /* AppDelegate.swift */ = {isa = PBXFileReference; lastKnownFileType = sourcecode.swift; path = AppDelegate.swift; sourceTree = "<group>"; };
		40EC3D5729C5C71C00F0CD1D /* SceneDelegate.swift */ = {isa = PBXFileReference; lastKnownFileType = sourcecode.swift; path = SceneDelegate.swift; sourceTree = "<group>"; };
		40EC3D5929C5C71C00F0CD1D /* ViewController.swift */ = {isa = PBXFileReference; lastKnownFileType = sourcecode.swift; path = ViewController.swift; sourceTree = "<group>"; };
		40EC3D5C29C5C71C00F0CD1D /* Base */ = {isa = PBXFileReference; lastKnownFileType = file.storyboard; name = Base; path = Base.lproj/Main.storyboard; sourceTree = "<group>"; };
		40EC3D5E29C5C71D00F0CD1D /* Assets.xcassets */ = {isa = PBXFileReference; lastKnownFileType = folder.assetcatalog; path = Assets.xcassets; sourceTree = "<group>"; };
		40EC3D6129C5C71D00F0CD1D /* Base */ = {isa = PBXFileReference; lastKnownFileType = file.storyboard; name = Base; path = Base.lproj/LaunchScreen.storyboard; sourceTree = "<group>"; };
		40EC3D6329C5C71D00F0CD1D /* Info.plist */ = {isa = PBXFileReference; lastKnownFileType = text.plist.xml; path = Info.plist; sourceTree = "<group>"; };
		40EC3D6829C5C71D00F0CD1D /* tableviewswifyTests.xctest */ = {isa = PBXFileReference; explicitFileType = wrapper.cfbundle; includeInIndex = 0; path = tableviewswifyTests.xctest; sourceTree = BUILT_PRODUCTS_DIR; };
		40EC3D6C29C5C71D00F0CD1D /* tableviewswifyTests.swift */ = {isa = PBXFileReference; lastKnownFileType = sourcecode.swift; path = tableviewswifyTests.swift; sourceTree = "<group>"; };
		40EC3D7229C5C71D00F0CD1D /* tableviewswifyUITests.xctest */ = {isa = PBXFileReference; explicitFileType = wrapper.cfbundle; includeInIndex = 0; path = tableviewswifyUITests.xctest; sourceTree = BUILT_PRODUCTS_DIR; };
		40EC3D7629C5C71D00F0CD1D /* tableviewswifyUITests.swift */ = {isa = PBXFileReference; lastKnownFileType = sourcecode.swift; path = tableviewswifyUITests.swift; sourceTree = "<group>"; };
		40EC3D7829C5C71D00F0CD1D /* tableviewswifyUITestsLaunchTests.swift */ = {isa = PBXFileReference; lastKnownFileType = sourcecode.swift; path = tableviewswifyUITestsLaunchTests.swift; sourceTree = "<group>"; };
		40EC3D8529C5CABE00F0CD1D /* datastudent.swift */ = {isa = PBXFileReference; lastKnownFileType = sourcecode.swift; path = datastudent.swift; sourceTree = "<group>"; };
		40EC3D8729C5E63B00F0CD1D /* PdViewController.swift */ = {isa = PBXFileReference; lastKnownFileType = sourcecode.swift; path = PdViewController.swift; sourceTree = "<group>"; };
/* End PBXFileReference section */

/* Begin PBXFrameworksBuildPhase section */
		40EC3D4F29C5C71C00F0CD1D /* Frameworks */ = {
			isa = PBXFrameworksBuildPhase;
			buildActionMask = 2147483647;
			files = (
			);
			runOnlyForDeploymentPostprocessing = 0;
		};
		40EC3D6529C5C71D00F0CD1D /* Frameworks */ = {
			isa = PBXFrameworksBuildPhase;
			buildActionMask = 2147483647;
			files = (
			);
			runOnlyForDeploymentPostprocessing = 0;
		};
		40EC3D6F29C5C71D00F0CD1D /* Frameworks */ = {
			isa = PBXFrameworksBuildPhase;
			buildActionMask = 2147483647;
			files = (
			);
			runOnlyForDeploymentPostprocessing = 0;
		};
/* End PBXFrameworksBuildPhase section */

/* Begin PBXGroup section */
		40EC3D4929C5C71B00F0CD1D = {
			isa = PBXGroup;
			children = (
				40EC3D5429C5C71C00F0CD1D /* tableviewswify */,
				40EC3D6B29C5C71D00F0CD1D /* tableviewswifyTests */,
				40EC3D7529C5C71D00F0CD1D /* tableviewswifyUITests */,
				40EC3D5329C5C71C00F0CD1D /* Products */,
			);
			sourceTree = "<group>";
		};
		40EC3D5329C5C71C00F0CD1D /* Products */ = {
			isa = PBXGroup;
			children = (
				40EC3D5229C5C71C00F0CD1D /* tableviewswify.app */,
				40EC3D6829C5C71D00F0CD1D /* tableviewswifyTests.xctest */,
				40EC3D7229C5C71D00F0CD1D /* tableviewswifyUITests.xctest */,
			);
			name = Products;
			sourceTree = "<group>";
		};
		40EC3D5429C5C71C00F0CD1D /* tableviewswify */ = {
			isa = PBXGroup;
			children = (
				40EC3D5529C5C71C00F0CD1D /* AppDelegate.swift */,
				40EC3D5729C5C71C00F0CD1D /* SceneDelegate.swift */,
				40EC3D5929C5C71C00F0CD1D /* ViewController.swift */,
				40EC3D5B29C5C71C00F0CD1D /* Main.storyboard */,
				40EC3D5E29C5C71D00F0CD1D /* Assets.xcassets */,
				40EC3D6029C5C71D00F0CD1D /* LaunchScreen.storyboard */,
				40EC3D6329C5C71D00F0CD1D /* Info.plist */,
				40EC3D8529C5CABE00F0CD1D /* datastudent.swift */,
				40EC3D8729C5E63B00F0CD1D /* PdViewController.swift */,
			);
			path = tableviewswify;
			sourceTree = "<group>";
		};
		40EC3D6B29C5C71D00F0CD1D /* tableviewswifyTests */ = {
			isa = PBXGroup;
			children = (
				40EC3D6C29C5C71D00F0CD1D /* tableviewswifyTests.swift */,
			);
			path = tableviewswifyTests;
			sourceTree = "<group>";
		};
		40EC3D7529C5C71D00F0CD1D /* tableviewswifyUITests */ = {
			isa = PBXGroup;
			children = (
				40EC3D7629C5C71D00F0CD1D /* tableviewswifyUITests.swift */,
				40EC3D7829C5C71D00F0CD1D /* tableviewswifyUITestsLaunchTests.swift */,
			);
			path = tableviewswifyUITests;
			sourceTree = "<group>";
		};
/* End PBXGroup section */

/* Begin PBXNativeTarget section */
		40EC3D5129C5C71C00F0CD1D /* tableviewswify */ = {
			isa = PBXNativeTarget;
			buildConfigurationList = 40EC3D7C29C5C71D00F0CD1D /* Build configuration list for PBXNativeTarget "tableviewswify" */;
			buildPhases = (
				40EC3D4E29C5C71C00F0CD1D /* Sources */,
				40EC3D4F29C5C71C00F0CD1D /* Frameworks */,
				40EC3D5029C5C71C00F0CD1D /* Resources */,
			);
			buildRules = (
			);
			dependencies = (
			);
			name = tableviewswify;
			productName = tableviewswify;
			productReference = 40EC3D5229C5C71C00F0CD1D /* tableviewswify.app */;
			productType = "com.apple.product-type.application";
		};
		40EC3D6729C5C71D00F0CD1D /* tableviewswifyTests */ = {
			isa = PBXNativeTarget;
			buildConfigurationList = 40EC3D7F29C5C71D00F0CD1D /* Build configuration list for PBXNativeTarget "tableviewswifyTests" */;
			buildPhases = (
				40EC3D6429C5C71D00F0CD1D /* Sources */,
				40EC3D6529C5C71D00F0CD1D /* Frameworks */,
				40EC3D6629C5C71D00F0CD1D /* Resources */,
			);
			buildRules = (
			);
			dependencies = (
				40EC3D6A29C5C71D00F0CD1D /* PBXTargetDependency */,
			);
			name = tableviewswifyTests;
			productName = tableviewswifyTests;
			productReference = 40EC3D6829C5C71D00F0CD1D /* tableviewswifyTests.xctest */;
			productType = "com.apple.product-type.bundle.unit-test";
		};
		40EC3D7129C5C71D00F0CD1D /* tableviewswifyUITests */ = {
			isa = PBXNativeTarget;
			buildConfigurationList = 40EC3D8229C5C71D00F0CD1D /* Build configuration list for PBXNativeTarget "tableviewswifyUITests" */;
			buildPhases = (
				40EC3D6E29C5C71D00F0CD1D /* Sources */,
				40EC3D6F29C5C71D00F0CD1D /* Frameworks */,
				40EC3D7029C5C71D00F0CD1D /* Resources */,
			);
			buildRules = (
			);
			dependencies = (
				40EC3D7429C5C71D00F0CD1D /* PBXTargetDependency */,
			);
			name = tableviewswifyUITests;
			productName = tableviewswifyUITests;
			productReference = 40EC3D7229C5C71D00F0CD1D /* tableviewswifyUITests.xctest */;
			productType = "com.apple.product-type.bundle.ui-testing";
		};
/* End PBXNativeTarget section */

/* Begin PBXProject section */
		40EC3D4A29C5C71B00F0CD1D /* Project object */ = {
			isa = PBXProject;
			attributes = {
				BuildIndependentTargetsInParallel = 1;
				LastSwiftUpdateCheck = 1420;
				LastUpgradeCheck = 1420;
				TargetAttributes = {
					40EC3D5129C5C71C00F0CD1D = {
						CreatedOnToolsVersion = 14.2;
					};
					40EC3D6729C5C71D00F0CD1D = {
						CreatedOnToolsVersion = 14.2;
						TestTargetID = 40EC3D5129C5C71C00F0CD1D;
					};
					40EC3D7129C5C71D00F0CD1D = {
						CreatedOnToolsVersion = 14.2;
						TestTargetID = 40EC3D5129C5C71C00F0CD1D;
					};
				};
			};
			buildConfigurationList = 40EC3D4D29C5C71B00F0CD1D /* Build configuration list for PBXProject "tableviewswify" */;
			compatibilityVersion = "Xcode 14.0";
			developmentRegion = en;
			hasScannedForEncodings = 0;
			knownRegions = (
				en,
				Base,
			);
			mainGroup = 40EC3D4929C5C71B00F0CD1D;
			productRefGroup = 40EC3D5329C5C71C00F0CD1D /* Products */;
			projectDirPath = "";
			projectRoot = "";
			targets = (
				40EC3D5129C5C71C00F0CD1D /* tableviewswify */,
				40EC3D6729C5C71D00F0CD1D /* tableviewswifyTests */,
				40EC3D7129C5C71D00F0CD1D /* tableviewswifyUITests */,
			);
		};
/* End PBXProject section */

/* Begin PBXResourcesBuildPhase section */
		40EC3D5029C5C71C00F0CD1D /* Resources */ = {
			isa = PBXResourcesBuildPhase;
			buildActionMask = 2147483647;
			files = (
				40EC3D6229C5C71D00F0CD1D /* LaunchScreen.storyboard in Resources */,
				40EC3D5F29C5C71D00F0CD1D /* Assets.xcassets in Resources */,
				40EC3D5D29C5C71C00F0CD1D /* Main.storyboard in Resources */,
			);
			runOnlyForDeploymentPostprocessing = 0;
		};
		40EC3D6629C5C71D00F0CD1D /* Resources */ = {
			isa = PBXResourcesBuildPhase;
			buildActionMask = 2147483647;
			files = (
			);
			runOnlyForDeploymentPostprocessing = 0;
		};
		40EC3D7029C5C71D00F0CD1D /* Resources */ = {
			isa = PBXResourcesBuildPhase;
			buildActionMask = 2147483647;
			files = (
			);
			runOnlyForDeploymentPostprocessing = 0;
		};
/* End PBXResourcesBuildPhase section */

/* Begin PBXSourcesBuildPhase section */
		40EC3D4E29C5C71C00F0CD1D /* Sources */ = {
			isa = PBXSourcesBuildPhase;
			buildActionMask = 2147483647;
			files = (
				40EC3D5A29C5C71C00F0CD1D /* ViewController.swift in Sources */,
				40EC3D8629C5CABE00F0CD1D /* datastudent.swift in Sources */,
				40EC3D8829C5E63B00F0CD1D /* PdViewController.swift in Sources */,
				40EC3D5629C5C71C00F0CD1D /* AppDelegate.swift in Sources */,
				40EC3D5829C5C71C00F0CD1D /* SceneDelegate.swift in Sources */,
			);
			runOnlyForDeploymentPostprocessing = 0;
		};
		40EC3D6429C5C71D00F0CD1D /* Sources */ = {
			isa = PBXSourcesBuildPhase;
			buildActionMask = 2147483647;
			files = (
				40EC3D6D29C5C71D00F0CD1D /* tableviewswifyTests.swift in Sources */,
			);
			runOnlyForDeploymentPostprocessing = 0;
		};
		40EC3D6E29C5C71D00F0CD1D /* Sources */ = {
			isa = PBXSourcesBuildPhase;
			buildActionMask = 2147483647;
			files = (
				40EC3D7729C5C71D00F0CD1D /* tableviewswifyUITests.swift in Sources */,
				40EC3D7929C5C71D00F0CD1D /* tableviewswifyUITestsLaunchTests.swift in Sources */,
			);
			runOnlyForDeploymentPostprocessing = 0;
		};
/* End PBXSourcesBuildPhase section */

/* Begin PBXTargetDependency section */
		40EC3D6A29C5C71D00F0CD1D /* PBXTargetDependency */ = {
			isa = PBXTargetDependency;
			target = 40EC3D5129C5C71C00F0CD1D /* tableviewswify */;
			targetProxy = 40EC3D6929C5C71D00F0CD1D /* PBXContainerItemProxy */;
		};
		40EC3D7429C5C71D00F0CD1D /* PBXTargetDependency */ = {
			isa = PBXTargetDependency;
			target = 40EC3D5129C5C71C00F0CD1D /* tableviewswify */;
			targetProxy = 40EC3D7329C5C71D00F0CD1D /* PBXContainerItemProxy */;
		};
/* End PBXTargetDependency section */

/* Begin PBXVariantGroup section */
		40EC3D5B29C5C71C00F0CD1D /* Main.storyboard */ = {
			isa = PBXVariantGroup;
			children = (
				40EC3D5C29C5C71C00F0CD1D /* Base */,
			);
			name = Main.storyboard;
			sourceTree = "<group>";
		};
		40EC3D6029C5C71D00F0CD1D /* LaunchScreen.storyboard */ = {
			isa = PBXVariantGroup;
			children = (
				40EC3D6129C5C71D00F0CD1D /* Base */,
			);
			name = LaunchScreen.storyboard;
			sourceTree = "<group>";
		};
/* End PBXVariantGroup section */

/* Begin XCBuildConfiguration section */
		40EC3D7A29C5C71D00F0CD1D /* Debug */ = {
			isa = XCBuildConfiguration;
			buildSettings = {
				ALWAYS_SEARCH_USER_PATHS = NO;
				CLANG_ANALYZER_NONNULL = YES;
				CLANG_ANALYZER_NUMBER_OBJECT_CONVERSION = YES_AGGRESSIVE;
				CLANG_CXX_LANGUAGE_STANDARD = "gnu++20";
				CLANG_ENABLE_MODULES = YES;
				CLANG_ENABLE_OBJC_ARC = YES;
				CLANG_ENABLE_OBJC_WEAK = YES;
				CLANG_WARN_BLOCK_CAPTURE_AUTORELEASING = YES;
				CLANG_WARN_BOOL_CONVERSION = YES;
				CLANG_WARN_COMMA = YES;
				CLANG_WARN_CONSTANT_CONVERSION = YES;
				CLANG_WARN_DEPRECATED_OBJC_IMPLEMENTATIONS = YES;
				CLANG_WARN_DIRECT_OBJC_ISA_USAGE = YES_ERROR;
				CLANG_WARN_DOCUMENTATION_COMMENTS = YES;
				CLANG_WARN_EMPTY_BODY = YES;
				CLANG_WARN_ENUM_CONVERSION = YES;
				CLANG_WARN_INFINITE_RECURSION = YES;
				CLANG_WARN_INT_CONVERSION = YES;
				CLANG_WARN_NON_LITERAL_NULL_CONVERSION = YES;
				CLANG_WARN_OBJC_IMPLICIT_RETAIN_SELF = YES;
				CLANG_WARN_OBJC_LITERAL_CONVERSION = YES;
				CLANG_WARN_OBJC_ROOT_CLASS = YES_ERROR;
				CLANG_WARN_QUOTED_INCLUDE_IN_FRAMEWORK_HEADER = YES;
				CLANG_WARN_RANGE_LOOP_ANALYSIS = YES;
				CLANG_WARN_STRICT_PROTOTYPES = YES;
				CLANG_WARN_SUSPICIOUS_MOVE = YES;
				CLANG_WARN_UNGUARDED_AVAILABILITY = YES_AGGRESSIVE;
				CLANG_WARN_UNREACHABLE_CODE = YES;
				CLANG_WARN__DUPLICATE_METHOD_MATCH = YES;
				COPY_PHASE_STRIP = NO;
				DEBUG_INFORMATION_FORMAT = dwarf;
				ENABLE_STRICT_OBJC_MSGSEND = YES;
				ENABLE_TESTABILITY = YES;
				GCC_C_LANGUAGE_STANDARD = gnu11;
				GCC_DYNAMIC_NO_PIC = NO;
				GCC_NO_COMMON_BLOCKS = YES;
				GCC_OPTIMIZATION_LEVEL = 0;
				GCC_PREPROCESSOR_DEFINITIONS = (
					"DEBUG=1",
					"$(inherited)",
				);
				GCC_WARN_64_TO_32_BIT_CONVERSION = YES;
				GCC_WARN_ABOUT_RETURN_TYPE = YES_ERROR;
				GCC_WARN_UNDECLARED_SELECTOR = YES;
				GCC_WARN_UNINITIALIZED_AUTOS = YES_AGGRESSIVE;
				GCC_WARN_UNUSED_FUNCTION = YES;
				GCC_WARN_UNUSED_VARIABLE = YES;
				IPHONEOS_DEPLOYMENT_TARGET = 16.2;
				MTL_ENABLE_DEBUG_INFO = INCLUDE_SOURCE;
				MTL_FAST_MATH = YES;
				ONLY_ACTIVE_ARCH = YES;
				SDKROOT = iphoneos;
				SWIFT_ACTIVE_COMPILATION_CONDITIONS = DEBUG;
				SWIFT_OPTIMIZATION_LEVEL = "-Onone";
			};
			name = Debug;
		};
		40EC3D7B29C5C71D00F0CD1D /* Release */ = {
			isa = XCBuildConfiguration;
			buildSettings = {
				ALWAYS_SEARCH_USER_PATHS = NO;
				CLANG_ANALYZER_NONNULL = YES;
				CLANG_ANALYZER_NUMBER_OBJECT_CONVERSION = YES_AGGRESSIVE;
				CLANG_CXX_LANGUAGE_STANDARD = "gnu++20";
				CLANG_ENABLE_MODULES = YES;
				CLANG_ENABLE_OBJC_ARC = YES;
				CLANG_ENABLE_OBJC_WEAK = YES;
				CLANG_WARN_BLOCK_CAPTURE_AUTORELEASING = YES;
				CLANG_WARN_BOOL_CONVERSION = YES;
				CLANG_WARN_COMMA = YES;
				CLANG_WARN_CONSTANT_CONVERSION = YES;
				CLANG_WARN_DEPRECATED_OBJC_IMPLEMENTATIONS = YES;
				CLANG_WARN_DIRECT_OBJC_ISA_USAGE = YES_ERROR;
				CLANG_WARN_DOCUMENTATION_COMMENTS = YES;
				CLANG_WARN_EMPTY_BODY = YES;
				CLANG_WARN_ENUM_CONVERSION = YES;
				CLANG_WARN_INFINITE_RECURSION = YES;
				CLANG_WARN_INT_CONVERSION = YES;
				CLANG_WARN_NON_LITERAL_NULL_CONVERSION = YES;
				CLANG_WARN_OBJC_IMPLICIT_RETAIN_SELF = YES;
				CLANG_WARN_OBJC_LITERAL_CONVERSION = YES;
				CLANG_WARN_OBJC_ROOT_CLASS = YES_ERROR;
				CLANG_WARN_QUOTED_INCLUDE_IN_FRAMEWORK_HEADER = YES;
				CLANG_WARN_RANGE_LOOP_ANALYSIS = YES;
				CLANG_WARN_STRICT_PROTOTYPES = YES;
				CLANG_WARN_SUSPICIOUS_MOVE = YES;
				CLANG_WARN_UNGUARDED_AVAILABILITY = YES_AGGRESSIVE;
				CLANG_WARN_UNREACHABLE_CODE = YES;
				CLANG_WARN__DUPLICATE_METHOD_MATCH = YES;
				COPY_PHASE_STRIP = NO;
				DEBUG_INFORMATION_FORMAT = "dwarf-with-dsym";
				ENABLE_NS_ASSERTIONS = NO;
				ENABLE_STRICT_OBJC_MSGSEND = YES;
				GCC_C_LANGUAGE_STANDARD = gnu11;
				GCC_NO_COMMON_BLOCKS = YES;
				GCC_WARN_64_TO_32_BIT_CONVERSION = YES;
				GCC_WARN_ABOUT_RETURN_TYPE = YES_ERROR;
				GCC_WARN_UNDECLARED_SELECTOR = YES;
				GCC_WARN_UNINITIALIZED_AUTOS = YES_AGGRESSIVE;
				GCC_WARN_UNUSED_FUNCTION = YES;
				GCC_WARN_UNUSED_VARIABLE = YES;
				IPHONEOS_DEPLOYMENT_TARGET = 16.2;
				MTL_ENABLE_DEBUG_INFO = NO;
				MTL_FAST_MATH = YES;
				SDKROOT = iphoneos;
				SWIFT_COMPILATION_MODE = wholemodule;
				SWIFT_OPTIMIZATION_LEVEL = "-O";
				VALIDATE_PRODUCT = YES;
			};
			name = Release;
		};
		40EC3D7D29C5C71D00F0CD1D /* Debug */ = {
			isa = XCBuildConfiguration;
			buildSettings = {
				ASSETCATALOG_COMPILER_APPICON_NAME = AppIcon;
				ASSETCATALOG_COMPILER_GLOBAL_ACCENT_COLOR_NAME = AccentColor;
				CODE_SIGN_STYLE = Automatic;
				CURRENT_PROJECT_VERSION = 1;
				DEVELOPMENT_TEAM = D5M38GX662;
				GENERATE_INFOPLIST_FILE = YES;
				INFOPLIST_FILE = tableviewswify/Info.plist;
				INFOPLIST_KEY_UIApplicationSupportsIndirectInputEvents = YES;
				INFOPLIST_KEY_UILaunchStoryboardName = LaunchScreen;
				INFOPLIST_KEY_UIMainStoryboardFile = Main;
				INFOPLIST_KEY_UISupportedInterfaceOrientations_iPad = "UIInterfaceOrientationPortrait UIInterfaceOrientationPortraitUpsideDown UIInterfaceOrientationLandscapeLeft UIInterfaceOrientationLandscapeRight";
				INFOPLIST_KEY_UISupportedInterfaceOrientations_iPhone = "UIInterfaceOrientationPortrait UIInterfaceOrientationLandscapeLeft UIInterfaceOrientationLandscapeRight";
				LD_RUNPATH_SEARCH_PATHS = (
					"$(inherited)",
					"@executable_path/Frameworks",
				);
				MARKETING_VERSION = 1.0;
				PRODUCT_BUNDLE_IDENTIFIER = com.pravalappdev.tableviewswify;
				PRODUCT_NAME = "$(TARGET_NAME)";
				SWIFT_EMIT_LOC_STRINGS = YES;
				SWIFT_VERSION = 5.0;
				TARGETED_DEVICE_FAMILY = "1,2";
			};
			name = Debug;
		};
		40EC3D7E29C5C71D00F0CD1D /* Release */ = {
			isa = XCBuildConfiguration;
			buildSettings = {
				ASSETCATALOG_COMPILER_APPICON_NAME = AppIcon;
				ASSETCATALOG_COMPILER_GLOBAL_ACCENT_COLOR_NAME = AccentColor;
				CODE_SIGN_STYLE = Automatic;
				CURRENT_PROJECT_VERSION = 1;
				DEVELOPMENT_TEAM = D5M38GX662;
				GENERATE_INFOPLIST_FILE = YES;
				INFOPLIST_FILE = tableviewswify/Info.plist;
				INFOPLIST_KEY_UIApplicationSupportsIndirectInputEvents = YES;
				INFOPLIST_KEY_UILaunchStoryboardName = LaunchScreen;
				INFOPLIST_KEY_UIMainStoryboardFile = Main;
				INFOPLIST_KEY_UISupportedInterfaceOrientations_iPad = "UIInterfaceOrientationPortrait UIInterfaceOrientationPortraitUpsideDown UIInterfaceOrientationLandscapeLeft UIInterfaceOrientationLandscapeRight";
				INFOPLIST_KEY_UISupportedInterfaceOrientations_iPhone = "UIInterfaceOrientationPortrait UIInterfaceOrientationLandscapeLeft UIInterfaceOrientationLandscapeRight";
				LD_RUNPATH_SEARCH_PATHS = (
					"$(inherited)",
					"@executable_path/Frameworks",
				);
				MARKETING_VERSION = 1.0;
				PRODUCT_BUNDLE_IDENTIFIER = com.pravalappdev.tableviewswify;
				PRODUCT_NAME = "$(TARGET_NAME)";
				SWIFT_EMIT_LOC_STRINGS = YES;
				SWIFT_VERSION = 5.0;
				TARGETED_DEVICE_FAMILY = "1,2";
			};
			name = Release;
		};
		40EC3D8029C5C71D00F0CD1D /* Debug */ = {
			isa = XCBuildConfiguration;
			buildSettings = {
				ALWAYS_EMBED_SWIFT_STANDARD_LIBRARIES = YES;
				BUNDLE_LOADER = "$(TEST_HOST)";
				CODE_SIGN_STYLE = Automatic;
				CURRENT_PROJECT_VERSION = 1;
				DEVELOPMENT_TEAM = D5M38GX662;
				GENERATE_INFOPLIST_FILE = YES;
				IPHONEOS_DEPLOYMENT_TARGET = 16.2;
				MARKETING_VERSION = 1.0;
				PRODUCT_BUNDLE_IDENTIFIER = com.pravalappdev.tableviewswifyTests;
				PRODUCT_NAME = "$(TARGET_NAME)";
				SWIFT_EMIT_LOC_STRINGS = NO;
				SWIFT_VERSION = 5.0;
				TARGETED_DEVICE_FAMILY = "1,2";
				TEST_HOST = "$(BUILT_PRODUCTS_DIR)/tableviewswify.app/$(BUNDLE_EXECUTABLE_FOLDER_PATH)/tableviewswify";
			};
			name = Debug;
		};
		40EC3D8129C5C71D00F0CD1D /* Release */ = {
			isa = XCBuildConfiguration;
			buildSettings = {
				ALWAYS_EMBED_SWIFT_STANDARD_LIBRARIES = YES;
				BUNDLE_LOADER = "$(TEST_HOST)";
				CODE_SIGN_STYLE = Automatic;
				CURRENT_PROJECT_VERSION = 1;
				DEVELOPMENT_TEAM = D5M38GX662;
				GENERATE_INFOPLIST_FILE = YES;
				IPHONEOS_DEPLOYMENT_TARGET = 16.2;
				MARKETING_VERSION = 1.0;
				PRODUCT_BUNDLE_IDENTIFIER = com.pravalappdev.tableviewswifyTests;
				PRODUCT_NAME = "$(TARGET_NAME)";
				SWIFT_EMIT_LOC_STRINGS = NO;
				SWIFT_VERSION = 5.0;
				TARGETED_DEVICE_FAMILY = "1,2";
				TEST_HOST = "$(BUILT_PRODUCTS_DIR)/tableviewswify.app/$(BUNDLE_EXECUTABLE_FOLDER_PATH)/tableviewswify";
			};
			name = Release;
		};
		40EC3D8329C5C71D00F0CD1D /* Debug */ = {
			isa = XCBuildConfiguration;
			buildSettings = {
				ALWAYS_EMBED_SWIFT_STANDARD_LIBRARIES = YES;
				CODE_SIGN_STYLE = Automatic;
				CURRENT_PROJECT_VERSION = 1;
				DEVELOPMENT_TEAM = D5M38GX662;
				GENERATE_INFOPLIST_FILE = YES;
				MARKETING_VERSION = 1.0;
				PRODUCT_BUNDLE_IDENTIFIER = com.pravalappdev.tableviewswifyUITests;
				PRODUCT_NAME = "$(TARGET_NAME)";
				SWIFT_EMIT_LOC_STRINGS = NO;
				SWIFT_VERSION = 5.0;
				TARGETED_DEVICE_FAMILY = "1,2";
				TEST_TARGET_NAME = tableviewswify;
			};
			name = Debug;
		};
		40EC3D8429C5C71D00F0CD1D /* Release */ = {
			isa = XCBuildConfiguration;
			buildSettings = {
				ALWAYS_EMBED_SWIFT_STANDARD_LIBRARIES = YES;
				CODE_SIGN_STYLE = Automatic;
				CURRENT_PROJECT_VERSION = 1;
				DEVELOPMENT_TEAM = D5M38GX662;
				GENERATE_INFOPLIST_FILE = YES;
				MARKETING_VERSION = 1.0;
				PRODUCT_BUNDLE_IDENTIFIER = com.pravalappdev.tableviewswifyUITests;
				PRODUCT_NAME = "$(TARGET_NAME)";
				SWIFT_EMIT_LOC_STRINGS = NO;
				SWIFT_VERSION = 5.0;
				TARGETED_DEVICE_FAMILY = "1,2";
				TEST_TARGET_NAME = tableviewswify;
			};
			name = Release;
		};
/* End XCBuildConfiguration section */

/* Begin XCConfigurationList section */
		40EC3D4D29C5C71B00F0CD1D /* Build configuration list for PBXProject "tableviewswify" */ = {
			isa = XCConfigurationList;
			buildConfigurations = (
				40EC3D7A29C5C71D00F0CD1D /* Debug */,
				40EC3D7B29C5C71D00F0CD1D /* Release */,
			);
			defaultConfigurationIsVisible = 0;
			defaultConfigurationName = Release;
		};
		40EC3D7C29C5C71D00F0CD1D /* Build configuration list for PBXNativeTarget "tableviewswify" */ = {
			isa = XCConfigurationList;
			buildConfigurations = (
				40EC3D7D29C5C71D00F0CD1D /* Debug */,
				40EC3D7E29C5C71D00F0CD1D /* Release */,
			);
			defaultConfigurationIsVisible = 0;
			defaultConfigurationName = Release;
		};
		40EC3D7F29C5C71D00F0CD1D /* Build configuration list for PBXNativeTarget "tableviewswifyTests" */ = {
			isa = XCConfigurationList;
			buildConfigurations = (
				40EC3D8029C5C71D00F0CD1D /* Debug */,
				40EC3D8129C5C71D00F0CD1D /* Release */,
			);
			defaultConfigurationIsVisible = 0;
			defaultConfigurationName = Release;
		};
		40EC3D8229C5C71D00F0CD1D /* Build configuration list for PBXNativeTarget "tableviewswifyUITests" */ = {
			isa = XCConfigurationList;
			buildConfigurations = (
				40EC3D8329C5C71D00F0CD1D /* Debug */,
				40EC3D8429C5C71D00F0CD1D /* Release */,
			);
			defaultConfigurationIsVisible = 0;
			defaultConfigurationName = Release;
		};
/* End XCConfigurationList section */
	};
	rootObject = 40EC3D4A29C5C71B00F0CD1D /* Project object */;
}
